// !$*UTF8*$!
{
	archiveVersion = 1;
	classes = {
	};
	objectVersion = 55;
	objects = {

/* Begin PBXBuildFile section */
		CE2F3099286BB9AB0059C7BF /* Constants.swift in Sources */ = {isa = PBXBuildFile; fileRef = CE2F3098286BB9AB0059C7BF /* Constants.swift */; };
		CEB6A472286D02D40016B15B /* URLExtension.swift in Sources */ = {isa = PBXBuildFile; fileRef = CEB6A471286D02D40016B15B /* URLExtension.swift */; };
		CEB9DF242867C6FF00214E0D /* MovieCard.swift in Sources */ = {isa = PBXBuildFile; fileRef = CEB9DF232867C6FF00214E0D /* MovieCard.swift */; };
		CEB9DF272867E91E00214E0D /* TMDBDomain in Frameworks */ = {isa = PBXBuildFile; productRef = CEB9DF262867E91E00214E0D /* TMDBDomain */; };
		CEB9DF292867E91E00214E0D /* TMDBServices in Frameworks */ = {isa = PBXBuildFile; productRef = CEB9DF282867E91E00214E0D /* TMDBServices */; };
		CEB9DF2F2867F02900214E0D /* PopularMoviesScreen.swift in Sources */ = {isa = PBXBuildFile; fileRef = CEB9DF2E2867F02900214E0D /* PopularMoviesScreen.swift */; };
		CEB9DF312867F66700214E0D /* CircularProgressView.swift in Sources */ = {isa = PBXBuildFile; fileRef = CEB9DF302867F66700214E0D /* CircularProgressView.swift */; };
		CEB9DF332868D77F00214E0D /* MovieScreen.swift in Sources */ = {isa = PBXBuildFile; fileRef = CEB9DF322868D77F00214E0D /* MovieScreen.swift */; };
		CEC6C68F28554B9B00BB668E /* RxCocoa in Frameworks */ = {isa = PBXBuildFile; productRef = CEC6C68E28554B9B00BB668E /* RxCocoa */; };
		CEC6C69128554B9B00BB668E /* RxSwift in Frameworks */ = {isa = PBXBuildFile; productRef = CEC6C69028554B9B00BB668E /* RxSwift */; };
		CED760F32853D1D900CBA16A /* TMDBApp.swift in Sources */ = {isa = PBXBuildFile; fileRef = CED760EF2853D1D900CBA16A /* TMDBApp.swift */; };
		CED760F42853D1D900CBA16A /* Preview Assets.xcassets in Resources */ = {isa = PBXBuildFile; fileRef = CED760F12853D1D900CBA16A /* Preview Assets.xcassets */; };
		CED760F52853D1D900CBA16A /* ContentView.swift in Sources */ = {isa = PBXBuildFile; fileRef = CED760F22853D1D900CBA16A /* ContentView.swift */; };
		CED760F72853D21100CBA16A /* Assets.xcassets in Resources */ = {isa = PBXBuildFile; fileRef = CED760F62853D21100CBA16A /* Assets.xcassets */; };
		CEFBA49D2852AFE6001223AA /* TMDBTests.swift in Sources */ = {isa = PBXBuildFile; fileRef = CEFBA49C2852AFE6001223AA /* TMDBTests.swift */; };
		CEFBA4A72852AFE6001223AA /* TMDBUITests.swift in Sources */ = {isa = PBXBuildFile; fileRef = CEFBA4A62852AFE6001223AA /* TMDBUITests.swift */; };
		CEFBA4A92852AFE6001223AA /* TMDBUITestsLaunchTests.swift in Sources */ = {isa = PBXBuildFile; fileRef = CEFBA4A82852AFE6001223AA /* TMDBUITestsLaunchTests.swift */; };
/* End PBXBuildFile section */

/* Begin PBXContainerItemProxy section */
		CEFBA4992852AFE6001223AA /* PBXContainerItemProxy */ = {
			isa = PBXContainerItemProxy;
			containerPortal = CEFBA4802852AFE3001223AA /* Project object */;
			proxyType = 1;
			remoteGlobalIDString = CEFBA4872852AFE3001223AA;
			remoteInfo = TMDB;
		};
		CEFBA4A32852AFE6001223AA /* PBXContainerItemProxy */ = {
			isa = PBXContainerItemProxy;
			containerPortal = CEFBA4802852AFE3001223AA /* Project object */;
			proxyType = 1;
			remoteGlobalIDString = CEFBA4872852AFE3001223AA;
			remoteInfo = TMDB;
		};
/* End PBXContainerItemProxy section */

/* Begin PBXFileReference section */
		CE2F3098286BB9AB0059C7BF /* Constants.swift */ = {isa = PBXFileReference; lastKnownFileType = sourcecode.swift; path = Constants.swift; sourceTree = "<group>"; };
		CEB6A471286D02D40016B15B /* URLExtension.swift */ = {isa = PBXFileReference; lastKnownFileType = sourcecode.swift; path = URLExtension.swift; sourceTree = "<group>"; };
		CEB9DF232867C6FF00214E0D /* MovieCard.swift */ = {isa = PBXFileReference; lastKnownFileType = sourcecode.swift; path = MovieCard.swift; sourceTree = "<group>"; };
		CEB9DF252867E90200214E0D /* TMDBLibrary */ = {isa = PBXFileReference; lastKnownFileType = wrapper; path = TMDBLibrary; sourceTree = "<group>"; };
		CEB9DF2E2867F02900214E0D /* PopularMoviesScreen.swift */ = {isa = PBXFileReference; lastKnownFileType = sourcecode.swift; path = PopularMoviesScreen.swift; sourceTree = "<group>"; };
		CEB9DF302867F66700214E0D /* CircularProgressView.swift */ = {isa = PBXFileReference; lastKnownFileType = sourcecode.swift; path = CircularProgressView.swift; sourceTree = "<group>"; };
		CEB9DF322868D77F00214E0D /* MovieScreen.swift */ = {isa = PBXFileReference; lastKnownFileType = sourcecode.swift; path = MovieScreen.swift; sourceTree = "<group>"; };
		CED760EF2853D1D900CBA16A /* TMDBApp.swift */ = {isa = PBXFileReference; fileEncoding = 4; lastKnownFileType = sourcecode.swift; path = TMDBApp.swift; sourceTree = "<group>"; };
		CED760F12853D1D900CBA16A /* Preview Assets.xcassets */ = {isa = PBXFileReference; lastKnownFileType = folder.assetcatalog; path = "Preview Assets.xcassets"; sourceTree = "<group>"; };
		CED760F22853D1D900CBA16A /* ContentView.swift */ = {isa = PBXFileReference; fileEncoding = 4; lastKnownFileType = sourcecode.swift; path = ContentView.swift; sourceTree = "<group>"; };
		CED760F62853D21100CBA16A /* Assets.xcassets */ = {isa = PBXFileReference; lastKnownFileType = folder.assetcatalog; path = Assets.xcassets; sourceTree = "<group>"; };
		CEFBA4882852AFE3001223AA /* TMDBApp.app */ = {isa = PBXFileReference; explicitFileType = wrapper.application; includeInIndex = 0; path = TMDBApp.app; sourceTree = BUILT_PRODUCTS_DIR; };
		CEFBA4982852AFE6001223AA /* TMDBTests.xctest */ = {isa = PBXFileReference; explicitFileType = wrapper.cfbundle; includeInIndex = 0; path = TMDBTests.xctest; sourceTree = BUILT_PRODUCTS_DIR; };
		CEFBA49C2852AFE6001223AA /* TMDBTests.swift */ = {isa = PBXFileReference; lastKnownFileType = sourcecode.swift; path = TMDBTests.swift; sourceTree = "<group>"; };
		CEFBA4A22852AFE6001223AA /* TMDBUITests.xctest */ = {isa = PBXFileReference; explicitFileType = wrapper.cfbundle; includeInIndex = 0; path = TMDBUITests.xctest; sourceTree = BUILT_PRODUCTS_DIR; };
		CEFBA4A62852AFE6001223AA /* TMDBUITests.swift */ = {isa = PBXFileReference; lastKnownFileType = sourcecode.swift; path = TMDBUITests.swift; sourceTree = "<group>"; };
		CEFBA4A82852AFE6001223AA /* TMDBUITestsLaunchTests.swift */ = {isa = PBXFileReference; lastKnownFileType = sourcecode.swift; path = TMDBUITestsLaunchTests.swift; sourceTree = "<group>"; };
/* End PBXFileReference section */

/* Begin PBXFrameworksBuildPhase section */
		CEFBA4852852AFE3001223AA /* Frameworks */ = {
			isa = PBXFrameworksBuildPhase;
			buildActionMask = 2147483647;
			files = (
				CEC6C69128554B9B00BB668E /* RxSwift in Frameworks */,
				CEB9DF272867E91E00214E0D /* TMDBDomain in Frameworks */,
				CEC6C68F28554B9B00BB668E /* RxCocoa in Frameworks */,
				CEB9DF292867E91E00214E0D /* TMDBServices in Frameworks */,
			);
			runOnlyForDeploymentPostprocessing = 0;
		};
		CEFBA4952852AFE6001223AA /* Frameworks */ = {
			isa = PBXFrameworksBuildPhase;
			buildActionMask = 2147483647;
			files = (
			);
			runOnlyForDeploymentPostprocessing = 0;
		};
		CEFBA49F2852AFE6001223AA /* Frameworks */ = {
			isa = PBXFrameworksBuildPhase;
			buildActionMask = 2147483647;
			files = (
			);
			runOnlyForDeploymentPostprocessing = 0;
		};
/* End PBXFrameworksBuildPhase section */

/* Begin PBXGroup section */
		CE2F3097286BB9A00059C7BF /* Core */ = {
			isa = PBXGroup;
			children = (
				CE2F3098286BB9AB0059C7BF /* Constants.swift */,
			);
			path = Core;
			sourceTree = "<group>";
		};
		CEB6A470286D02C50016B15B /* Extensions */ = {
			isa = PBXGroup;
			children = (
				CEB6A471286D02D40016B15B /* URLExtension.swift */,
			);
			path = Extensions;
			sourceTree = "<group>";
		};
		CEB9DF1C2867C44600214E0D /* Packages */ = {
			isa = PBXGroup;
			children = (
				CEB9DF252867E90200214E0D /* TMDBLibrary */,
			);
			name = Packages;
			sourceTree = "<group>";
		};
		CEB9DF222867C6F100214E0D /* Components */ = {
			isa = PBXGroup;
			children = (
				CEB9DF232867C6FF00214E0D /* MovieCard.swift */,
				CEB9DF302867F66700214E0D /* CircularProgressView.swift */,
			);
			path = Components;
			sourceTree = "<group>";
		};
		CEB9DF2D2867F01700214E0D /* Screens */ = {
			isa = PBXGroup;
			children = (
				CEB9DF2E2867F02900214E0D /* PopularMoviesScreen.swift */,
				CEB9DF322868D77F00214E0D /* MovieScreen.swift */,
			);
			path = Screens;
			sourceTree = "<group>";
		};
		CEC6C69428554E8000BB668E /* Frameworks */ = {
			isa = PBXGroup;
			children = (
			);
			name = Frameworks;
			sourceTree = "<group>";
		};
		CED760EE2853D1D900CBA16A /* TMDBApp */ = {
			isa = PBXGroup;
			children = (
				CEB6A470286D02C50016B15B /* Extensions */,
				CE2F3097286BB9A00059C7BF /* Core */,
				CEB9DF2D2867F01700214E0D /* Screens */,
				CED760F02853D1D900CBA16A /* Preview Content */,
				CEB9DF222867C6F100214E0D /* Components */,
				CED760F62853D21100CBA16A /* Assets.xcassets */,
				CED760EF2853D1D900CBA16A /* TMDBApp.swift */,
				CED760F22853D1D900CBA16A /* ContentView.swift */,
			);
			path = TMDBApp;
			sourceTree = "<group>";
		};
		CED760F02853D1D900CBA16A /* Preview Content */ = {
			isa = PBXGroup;
			children = (
				CED760F12853D1D900CBA16A /* Preview Assets.xcassets */,
			);
			path = "Preview Content";
			sourceTree = "<group>";
		};
		CEFBA47F2852AFE3001223AA = {
			isa = PBXGroup;
			children = (
				CEB9DF1C2867C44600214E0D /* Packages */,
				CED760EE2853D1D900CBA16A /* TMDBApp */,
				CEFBA49B2852AFE6001223AA /* TMDBTests */,
				CEFBA4A52852AFE6001223AA /* TMDBUITests */,
				CEFBA4892852AFE3001223AA /* Products */,
				CEC6C69428554E8000BB668E /* Frameworks */,
			);
			sourceTree = "<group>";
		};
		CEFBA4892852AFE3001223AA /* Products */ = {
			isa = PBXGroup;
			children = (
				CEFBA4882852AFE3001223AA /* TMDBApp.app */,
				CEFBA4982852AFE6001223AA /* TMDBTests.xctest */,
				CEFBA4A22852AFE6001223AA /* TMDBUITests.xctest */,
			);
			name = Products;
			sourceTree = "<group>";
		};
		CEFBA49B2852AFE6001223AA /* TMDBTests */ = {
			isa = PBXGroup;
			children = (
				CEFBA49C2852AFE6001223AA /* TMDBTests.swift */,
			);
			path = TMDBTests;
			sourceTree = "<group>";
		};
		CEFBA4A52852AFE6001223AA /* TMDBUITests */ = {
			isa = PBXGroup;
			children = (
				CEFBA4A62852AFE6001223AA /* TMDBUITests.swift */,
				CEFBA4A82852AFE6001223AA /* TMDBUITestsLaunchTests.swift */,
			);
			path = TMDBUITests;
			sourceTree = "<group>";
		};
/* End PBXGroup section */

/* Begin PBXNativeTarget section */
		CEFBA4872852AFE3001223AA /* TMDBApp */ = {
			isa = PBXNativeTarget;
			buildConfigurationList = CEFBA4AC2852AFE6001223AA /* Build configuration list for PBXNativeTarget "TMDBApp" */;
			buildPhases = (
				CEFBA4842852AFE3001223AA /* Sources */,
				CEFBA4852852AFE3001223AA /* Frameworks */,
				CEFBA4862852AFE3001223AA /* Resources */,
			);
			buildRules = (
			);
			dependencies = (
			);
			name = TMDBApp;
			packageProductDependencies = (
				CEC6C68E28554B9B00BB668E /* RxCocoa */,
				CEC6C69028554B9B00BB668E /* RxSwift */,
				CEB9DF262867E91E00214E0D /* TMDBDomain */,
				CEB9DF282867E91E00214E0D /* TMDBServices */,
			);
			productName = TMDB;
			productReference = CEFBA4882852AFE3001223AA /* TMDBApp.app */;
			productType = "com.apple.product-type.application";
		};
		CEFBA4972852AFE6001223AA /* TMDBTests */ = {
			isa = PBXNativeTarget;
			buildConfigurationList = CEFBA4AF2852AFE6001223AA /* Build configuration list for PBXNativeTarget "TMDBTests" */;
			buildPhases = (
				CEFBA4942852AFE6001223AA /* Sources */,
				CEFBA4952852AFE6001223AA /* Frameworks */,
				CEFBA4962852AFE6001223AA /* Resources */,
			);
			buildRules = (
			);
			dependencies = (
				CEFBA49A2852AFE6001223AA /* PBXTargetDependency */,
			);
			name = TMDBTests;
			productName = TMDBTests;
			productReference = CEFBA4982852AFE6001223AA /* TMDBTests.xctest */;
			productType = "com.apple.product-type.bundle.unit-test";
		};
		CEFBA4A12852AFE6001223AA /* TMDBUITests */ = {
			isa = PBXNativeTarget;
			buildConfigurationList = CEFBA4B22852AFE6001223AA /* Build configuration list for PBXNativeTarget "TMDBUITests" */;
			buildPhases = (
				CEFBA49E2852AFE6001223AA /* Sources */,
				CEFBA49F2852AFE6001223AA /* Frameworks */,
				CEFBA4A02852AFE6001223AA /* Resources */,
			);
			buildRules = (
			);
			dependencies = (
				CEFBA4A42852AFE6001223AA /* PBXTargetDependency */,
			);
			name = TMDBUITests;
			productName = TMDBUITests;
			productReference = CEFBA4A22852AFE6001223AA /* TMDBUITests.xctest */;
			productType = "com.apple.product-type.bundle.ui-testing";
		};
/* End PBXNativeTarget section */

/* Begin PBXProject section */
		CEFBA4802852AFE3001223AA /* Project object */ = {
			isa = PBXProject;
			attributes = {
				BuildIndependentTargetsInParallel = 1;
				LastSwiftUpdateCheck = 1320;
				LastUpgradeCheck = 1320;
				TargetAttributes = {
					CEFBA4872852AFE3001223AA = {
						CreatedOnToolsVersion = 13.2.1;
					};
					CEFBA4972852AFE6001223AA = {
						CreatedOnToolsVersion = 13.2.1;
						TestTargetID = CEFBA4872852AFE3001223AA;
					};
					CEFBA4A12852AFE6001223AA = {
						CreatedOnToolsVersion = 13.2.1;
						TestTargetID = CEFBA4872852AFE3001223AA;
					};
				};
			};
			buildConfigurationList = CEFBA4832852AFE3001223AA /* Build configuration list for PBXProject "TMDB" */;
			compatibilityVersion = "Xcode 13.0";
			developmentRegion = en;
			hasScannedForEncodings = 0;
			knownRegions = (
				en,
				Base,
			);
			mainGroup = CEFBA47F2852AFE3001223AA;
			packageReferences = (
				CEC6C68D28554B9B00BB668E /* XCRemoteSwiftPackageReference "RxSwift" */,
			);
			productRefGroup = CEFBA4892852AFE3001223AA /* Products */;
			projectDirPath = "";
			projectRoot = "";
			targets = (
				CEFBA4872852AFE3001223AA /* TMDBApp */,
				CEFBA4972852AFE6001223AA /* TMDBTests */,
				CEFBA4A12852AFE6001223AA /* TMDBUITests */,
			);
		};
/* End PBXProject section */

/* Begin PBXResourcesBuildPhase section */
		CEFBA4862852AFE3001223AA /* Resources */ = {
			isa = PBXResourcesBuildPhase;
			buildActionMask = 2147483647;
			files = (
				CED760F72853D21100CBA16A /* Assets.xcassets in Resources */,
				CED760F42853D1D900CBA16A /* Preview Assets.xcassets in Resources */,
			);
			runOnlyForDeploymentPostprocessing = 0;
		};
		CEFBA4962852AFE6001223AA /* Resources */ = {
			isa = PBXResourcesBuildPhase;
			buildActionMask = 2147483647;
			files = (
			);
			runOnlyForDeploymentPostprocessing = 0;
		};
		CEFBA4A02852AFE6001223AA /* Resources */ = {
			isa = PBXResourcesBuildPhase;
			buildActionMask = 2147483647;
			files = (
			);
			runOnlyForDeploymentPostprocessing = 0;
		};
/* End PBXResourcesBuildPhase section */

/* Begin PBXSourcesBuildPhase section */
		CEFBA4842852AFE3001223AA /* Sources */ = {
			isa = PBXSourcesBuildPhase;
			buildActionMask = 2147483647;
			files = (
				CEB9DF332868D77F00214E0D /* MovieScreen.swift in Sources */,
				CED760F52853D1D900CBA16A /* ContentView.swift in Sources */,
				CED760F32853D1D900CBA16A /* TMDBApp.swift in Sources */,
				CEB9DF2F2867F02900214E0D /* PopularMoviesScreen.swift in Sources */,
				CE2F3099286BB9AB0059C7BF /* Constants.swift in Sources */,
				CEB6A472286D02D40016B15B /* URLExtension.swift in Sources */,
				CEB9DF312867F66700214E0D /* CircularProgressView.swift in Sources */,
				CEB9DF242867C6FF00214E0D /* MovieCard.swift in Sources */,
			);
			runOnlyForDeploymentPostprocessing = 0;
		};
		CEFBA4942852AFE6001223AA /* Sources */ = {
			isa = PBXSourcesBuildPhase;
			buildActionMask = 2147483647;
			files = (
				CEFBA49D2852AFE6001223AA /* TMDBTests.swift in Sources */,
			);
			runOnlyForDeploymentPostprocessing = 0;
		};
		CEFBA49E2852AFE6001223AA /* Sources */ = {
			isa = PBXSourcesBuildPhase;
			buildActionMask = 2147483647;
			files = (
				CEFBA4A72852AFE6001223AA /* TMDBUITests.swift in Sources */,
				CEFBA4A92852AFE6001223AA /* TMDBUITestsLaunchTests.swift in Sources */,
			);
			runOnlyForDeploymentPostprocessing = 0;
		};
/* End PBXSourcesBuildPhase section */

/* Begin PBXTargetDependency section */
		CEFBA49A2852AFE6001223AA /* PBXTargetDependency */ = {
			isa = PBXTargetDependency;
			target = CEFBA4872852AFE3001223AA /* TMDBApp */;
			targetProxy = CEFBA4992852AFE6001223AA /* PBXContainerItemProxy */;
		};
		CEFBA4A42852AFE6001223AA /* PBXTargetDependency */ = {
			isa = PBXTargetDependency;
			target = CEFBA4872852AFE3001223AA /* TMDBApp */;
			targetProxy = CEFBA4A32852AFE6001223AA /* PBXContainerItemProxy */;
		};
/* End PBXTargetDependency section */

/* Begin XCBuildConfiguration section */
		CEFBA4AA2852AFE6001223AA /* Debug */ = {
			isa = XCBuildConfiguration;
			buildSettings = {
				ALWAYS_SEARCH_USER_PATHS = NO;
				CLANG_ANALYZER_NONNULL = YES;
				CLANG_ANALYZER_NUMBER_OBJECT_CONVERSION = YES_AGGRESSIVE;
				CLANG_CXX_LANGUAGE_STANDARD = "gnu++17";
				CLANG_CXX_LIBRARY = "libc++";
				CLANG_ENABLE_MODULES = YES;
				CLANG_ENABLE_OBJC_ARC = YES;
				CLANG_ENABLE_OBJC_WEAK = YES;
				CLANG_WARN_BLOCK_CAPTURE_AUTORELEASING = YES;
				CLANG_WARN_BOOL_CONVERSION = YES;
				CLANG_WARN_COMMA = YES;
				CLANG_WARN_CONSTANT_CONVERSION = YES;
				CLANG_WARN_DEPRECATED_OBJC_IMPLEMENTATIONS = YES;
				CLANG_WARN_DIRECT_OBJC_ISA_USAGE = YES_ERROR;
				CLANG_WARN_DOCUMENTATION_COMMENTS = YES;
				CLANG_WARN_EMPTY_BODY = YES;
				CLANG_WARN_ENUM_CONVERSION = YES;
				CLANG_WARN_INFINITE_RECURSION = YES;
				CLANG_WARN_INT_CONVERSION = YES;
				CLANG_WARN_NON_LITERAL_NULL_CONVERSION = YES;
				CLANG_WARN_OBJC_IMPLICIT_RETAIN_SELF = YES;
				CLANG_WARN_OBJC_LITERAL_CONVERSION = YES;
				CLANG_WARN_OBJC_ROOT_CLASS = YES_ERROR;
				CLANG_WARN_QUOTED_INCLUDE_IN_FRAMEWORK_HEADER = YES;
				CLANG_WARN_RANGE_LOOP_ANALYSIS = YES;
				CLANG_WARN_STRICT_PROTOTYPES = YES;
				CLANG_WARN_SUSPICIOUS_MOVE = YES;
				CLANG_WARN_UNGUARDED_AVAILABILITY = YES_AGGRESSIVE;
				CLANG_WARN_UNREACHABLE_CODE = YES;
				CLANG_WARN__DUPLICATE_METHOD_MATCH = YES;
				COPY_PHASE_STRIP = NO;
				DEBUG_INFORMATION_FORMAT = dwarf;
				ENABLE_STRICT_OBJC_MSGSEND = YES;
				ENABLE_TESTABILITY = YES;
				GCC_C_LANGUAGE_STANDARD = gnu11;
				GCC_DYNAMIC_NO_PIC = NO;
				GCC_NO_COMMON_BLOCKS = YES;
				GCC_OPTIMIZATION_LEVEL = 0;
				GCC_PREPROCESSOR_DEFINITIONS = (
					"DEBUG=1",
					"$(inherited)",
				);
				GCC_WARN_64_TO_32_BIT_CONVERSION = YES;
				GCC_WARN_ABOUT_RETURN_TYPE = YES_ERROR;
				GCC_WARN_UNDECLARED_SELECTOR = YES;
				GCC_WARN_UNINITIALIZED_AUTOS = YES_AGGRESSIVE;
				GCC_WARN_UNUSED_FUNCTION = YES;
				GCC_WARN_UNUSED_VARIABLE = YES;
				IPHONEOS_DEPLOYMENT_TARGET = 15.2;
				MTL_ENABLE_DEBUG_INFO = INCLUDE_SOURCE;
				MTL_FAST_MATH = YES;
				ONLY_ACTIVE_ARCH = YES;
				SDKROOT = iphoneos;
				SWIFT_ACTIVE_COMPILATION_CONDITIONS = DEBUG;
				SWIFT_OPTIMIZATION_LEVEL = "-Onone";
			};
			name = Debug;
		};
		CEFBA4AB2852AFE6001223AA /* Release */ = {
			isa = XCBuildConfiguration;
			buildSettings = {
				ALWAYS_SEARCH_USER_PATHS = NO;
				CLANG_ANALYZER_NONNULL = YES;
				CLANG_ANALYZER_NUMBER_OBJECT_CONVERSION = YES_AGGRESSIVE;
				CLANG_CXX_LANGUAGE_STANDARD = "gnu++17";
				CLANG_CXX_LIBRARY = "libc++";
				CLANG_ENABLE_MODULES = YES;
				CLANG_ENABLE_OBJC_ARC = YES;
				CLANG_ENABLE_OBJC_WEAK = YES;
				CLANG_WARN_BLOCK_CAPTURE_AUTORELEASING = YES;
				CLANG_WARN_BOOL_CONVERSION = YES;
				CLANG_WARN_COMMA = YES;
				CLANG_WARN_CONSTANT_CONVERSION = YES;
				CLANG_WARN_DEPRECATED_OBJC_IMPLEMENTATIONS = YES;
				CLANG_WARN_DIRECT_OBJC_ISA_USAGE = YES_ERROR;
				CLANG_WARN_DOCUMENTATION_COMMENTS = YES;
				CLANG_WARN_EMPTY_BODY = YES;
				CLANG_WARN_ENUM_CONVERSION = YES;
				CLANG_WARN_INFINITE_RECURSION = YES;
				CLANG_WARN_INT_CONVERSION = YES;
				CLANG_WARN_NON_LITERAL_NULL_CONVERSION = YES;
				CLANG_WARN_OBJC_IMPLICIT_RETAIN_SELF = YES;
				CLANG_WARN_OBJC_LITERAL_CONVERSION = YES;
				CLANG_WARN_OBJC_ROOT_CLASS = YES_ERROR;
				CLANG_WARN_QUOTED_INCLUDE_IN_FRAMEWORK_HEADER = YES;
				CLANG_WARN_RANGE_LOOP_ANALYSIS = YES;
				CLANG_WARN_STRICT_PROTOTYPES = YES;
				CLANG_WARN_SUSPICIOUS_MOVE = YES;
				CLANG_WARN_UNGUARDED_AVAILABILITY = YES_AGGRESSIVE;
				CLANG_WARN_UNREACHABLE_CODE = YES;
				CLANG_WARN__DUPLICATE_METHOD_MATCH = YES;
				COPY_PHASE_STRIP = NO;
				DEBUG_INFORMATION_FORMAT = "dwarf-with-dsym";
				ENABLE_NS_ASSERTIONS = NO;
				ENABLE_STRICT_OBJC_MSGSEND = YES;
				GCC_C_LANGUAGE_STANDARD = gnu11;
				GCC_NO_COMMON_BLOCKS = YES;
				GCC_WARN_64_TO_32_BIT_CONVERSION = YES;
				GCC_WARN_ABOUT_RETURN_TYPE = YES_ERROR;
				GCC_WARN_UNDECLARED_SELECTOR = YES;
				GCC_WARN_UNINITIALIZED_AUTOS = YES_AGGRESSIVE;
				GCC_WARN_UNUSED_FUNCTION = YES;
				GCC_WARN_UNUSED_VARIABLE = YES;
				IPHONEOS_DEPLOYMENT_TARGET = 15.2;
				MTL_ENABLE_DEBUG_INFO = NO;
				MTL_FAST_MATH = YES;
				SDKROOT = iphoneos;
				SWIFT_COMPILATION_MODE = wholemodule;
				SWIFT_OPTIMIZATION_LEVEL = "-O";
				VALIDATE_PRODUCT = YES;
			};
			name = Release;
		};
		CEFBA4AD2852AFE6001223AA /* Debug */ = {
			isa = XCBuildConfiguration;
			buildSettings = {
				ASSETCATALOG_COMPILER_APPICON_NAME = AppIcon;
				ASSETCATALOG_COMPILER_GLOBAL_ACCENT_COLOR_NAME = AccentColor;
				CODE_SIGN_STYLE = Automatic;
				CURRENT_PROJECT_VERSION = 1;
				DEVELOPMENT_ASSET_PATHS = "\"TMDBApp/Preview Content\"";
				ENABLE_PREVIEWS = YES;
				GENERATE_INFOPLIST_FILE = YES;
				INFOPLIST_KEY_UIApplicationSceneManifest_Generation = YES;
				INFOPLIST_KEY_UIApplicationSupportsIndirectInputEvents = YES;
				INFOPLIST_KEY_UILaunchScreen_Generation = YES;
				INFOPLIST_KEY_UISupportedInterfaceOrientations_iPad = "UIInterfaceOrientationPortrait UIInterfaceOrientationPortraitUpsideDown UIInterfaceOrientationLandscapeLeft UIInterfaceOrientationLandscapeRight";
				INFOPLIST_KEY_UISupportedInterfaceOrientations_iPhone = "UIInterfaceOrientationPortrait UIInterfaceOrientationLandscapeLeft UIInterfaceOrientationLandscapeRight";
				LD_RUNPATH_SEARCH_PATHS = (
					"$(inherited)",
					"@executable_path/Frameworks",
				);
				MARKETING_VERSION = 1.0;
				PRODUCT_BUNDLE_IDENTIFIER = br.com.reisdev.TMDB;
				PRODUCT_NAME = "$(TARGET_NAME)";
				SWIFT_EMIT_LOC_STRINGS = YES;
				SWIFT_VERSION = 5.0;
				TARGETED_DEVICE_FAMILY = "1,2";
			};
			name = Debug;
		};
		CEFBA4AE2852AFE6001223AA /* Release */ = {
			isa = XCBuildConfiguration;
			buildSettings = {
				ASSETCATALOG_COMPILER_APPICON_NAME = AppIcon;
				ASSETCATALOG_COMPILER_GLOBAL_ACCENT_COLOR_NAME = AccentColor;
				CODE_SIGN_STYLE = Automatic;
				CURRENT_PROJECT_VERSION = 1;
				DEVELOPMENT_ASSET_PATHS = "\"TMDBApp/Preview Content\"";
				ENABLE_PREVIEWS = YES;
				GENERATE_INFOPLIST_FILE = YES;
				INFOPLIST_KEY_UIApplicationSceneManifest_Generation = YES;
				INFOPLIST_KEY_UIApplicationSupportsIndirectInputEvents = YES;
				INFOPLIST_KEY_UILaunchScreen_Generation = YES;
				INFOPLIST_KEY_UISupportedInterfaceOrientations_iPad = "UIInterfaceOrientationPortrait UIInterfaceOrientationPortraitUpsideDown UIInterfaceOrientationLandscapeLeft UIInterfaceOrientationLandscapeRight";
				INFOPLIST_KEY_UISupportedInterfaceOrientations_iPhone = "UIInterfaceOrientationPortrait UIInterfaceOrientationLandscapeLeft UIInterfaceOrientationLandscapeRight";
				LD_RUNPATH_SEARCH_PATHS = (
					"$(inherited)",
					"@executable_path/Frameworks",
				);
				MARKETING_VERSION = 1.0;
				PRODUCT_BUNDLE_IDENTIFIER = br.com.reisdev.TMDB;
				PRODUCT_NAME = "$(TARGET_NAME)";
				SWIFT_EMIT_LOC_STRINGS = YES;
				SWIFT_VERSION = 5.0;
				TARGETED_DEVICE_FAMILY = "1,2";
			};
			name = Release;
		};
		CEFBA4B02852AFE6001223AA /* Debug */ = {
			isa = XCBuildConfiguration;
			buildSettings = {
				ALWAYS_EMBED_SWIFT_STANDARD_LIBRARIES = YES;
				BUNDLE_LOADER = "$(TEST_HOST)";
				CODE_SIGN_STYLE = Automatic;
				CURRENT_PROJECT_VERSION = 1;
				GENERATE_INFOPLIST_FILE = YES;
				IPHONEOS_DEPLOYMENT_TARGET = 15.2;
				MARKETING_VERSION = 1.0;
				PRODUCT_BUNDLE_IDENTIFIER = br.com.reisdev.TMDBTests;
				PRODUCT_NAME = "$(TARGET_NAME)";
				SWIFT_EMIT_LOC_STRINGS = NO;
				SWIFT_VERSION = 5.0;
				TARGETED_DEVICE_FAMILY = "1,2";
				TEST_HOST = "$(BUILT_PRODUCTS_DIR)/TMDBApp.app/TMDBApp";
			};
			name = Debug;
		};
		CEFBA4B12852AFE6001223AA /* Release */ = {
			isa = XCBuildConfiguration;
			buildSettings = {
				ALWAYS_EMBED_SWIFT_STANDARD_LIBRARIES = YES;
				BUNDLE_LOADER = "$(TEST_HOST)";
				CODE_SIGN_STYLE = Automatic;
				CURRENT_PROJECT_VERSION = 1;
				GENERATE_INFOPLIST_FILE = YES;
				IPHONEOS_DEPLOYMENT_TARGET = 15.2;
				MARKETING_VERSION = 1.0;
				PRODUCT_BUNDLE_IDENTIFIER = br.com.reisdev.TMDBTests;
				PRODUCT_NAME = "$(TARGET_NAME)";
				SWIFT_EMIT_LOC_STRINGS = NO;
				SWIFT_VERSION = 5.0;
				TARGETED_DEVICE_FAMILY = "1,2";
				TEST_HOST = "$(BUILT_PRODUCTS_DIR)/TMDBApp.app/TMDBApp";
			};
			name = Release;
		};
		CEFBA4B32852AFE6001223AA /* Debug */ = {
			isa = XCBuildConfiguration;
			buildSettings = {
				ALWAYS_EMBED_SWIFT_STANDARD_LIBRARIES = YES;
				CODE_SIGN_STYLE = Automatic;
				CURRENT_PROJECT_VERSION = 1;
				GENERATE_INFOPLIST_FILE = YES;
				MARKETING_VERSION = 1.0;
				PRODUCT_BUNDLE_IDENTIFIER = br.com.reisdev.TMDBUITests;
				PRODUCT_NAME = "$(TARGET_NAME)";
				SWIFT_EMIT_LOC_STRINGS = NO;
				SWIFT_VERSION = 5.0;
				TARGETED_DEVICE_FAMILY = "1,2";
				TEST_TARGET_NAME = TMDB;
			};
			name = Debug;
		};
		CEFBA4B42852AFE6001223AA /* Release */ = {
			isa = XCBuildConfiguration;
			buildSettings = {
				ALWAYS_EMBED_SWIFT_STANDARD_LIBRARIES = YES;
				CODE_SIGN_STYLE = Automatic;
				CURRENT_PROJECT_VERSION = 1;
				GENERATE_INFOPLIST_FILE = YES;
				MARKETING_VERSION = 1.0;
				PRODUCT_BUNDLE_IDENTIFIER = br.com.reisdev.TMDBUITests;
				PRODUCT_NAME = "$(TARGET_NAME)";
				SWIFT_EMIT_LOC_STRINGS = NO;
				SWIFT_VERSION = 5.0;
				TARGETED_DEVICE_FAMILY = "1,2";
				TEST_TARGET_NAME = TMDB;
			};
			name = Release;
		};
/* End XCBuildConfiguration section */

/* Begin XCConfigurationList section */
		CEFBA4832852AFE3001223AA /* Build configuration list for PBXProject "TMDB" */ = {
			isa = XCConfigurationList;
			buildConfigurations = (
				CEFBA4AA2852AFE6001223AA /* Debug */,
				CEFBA4AB2852AFE6001223AA /* Release */,
			);
			defaultConfigurationIsVisible = 0;
			defaultConfigurationName = Release;
		};
		CEFBA4AC2852AFE6001223AA /* Build configuration list for PBXNativeTarget "TMDBApp" */ = {
			isa = XCConfigurationList;
			buildConfigurations = (
				CEFBA4AD2852AFE6001223AA /* Debug */,
				CEFBA4AE2852AFE6001223AA /* Release */,
			);
			defaultConfigurationIsVisible = 0;
			defaultConfigurationName = Release;
		};
		CEFBA4AF2852AFE6001223AA /* Build configuration list for PBXNativeTarget "TMDBTests" */ = {
			isa = XCConfigurationList;
			buildConfigurations = (
				CEFBA4B02852AFE6001223AA /* Debug */,
				CEFBA4B12852AFE6001223AA /* Release */,
			);
			defaultConfigurationIsVisible = 0;
			defaultConfigurationName = Release;
		};
		CEFBA4B22852AFE6001223AA /* Build configuration list for PBXNativeTarget "TMDBUITests" */ = {
			isa = XCConfigurationList;
			buildConfigurations = (
				CEFBA4B32852AFE6001223AA /* Debug */,
				CEFBA4B42852AFE6001223AA /* Release */,
			);
			defaultConfigurationIsVisible = 0;
			defaultConfigurationName = Release;
		};
/* End XCConfigurationList section */

/* Begin XCRemoteSwiftPackageReference section */
		CEC6C68D28554B9B00BB668E /* XCRemoteSwiftPackageReference "RxSwift" */ = {
			isa = XCRemoteSwiftPackageReference;
			repositoryURL = "https://github.com/ReactiveX/RxSwift";
			requirement = {
				kind = upToNextMajorVersion;
				minimumVersion = 6.0.0;
			};
		};
/* End XCRemoteSwiftPackageReference section */

/* Begin XCSwiftPackageProductDependency section */
		CEB9DF262867E91E00214E0D /* TMDBDomain */ = {
			isa = XCSwiftPackageProductDependency;
			productName = TMDBDomain;
		};
		CEB9DF282867E91E00214E0D /* TMDBServices */ = {
			isa = XCSwiftPackageProductDependency;
			productName = TMDBServices;
		};
		CEC6C68E28554B9B00BB668E /* RxCocoa */ = {
			isa = XCSwiftPackageProductDependency;
			package = CEC6C68D28554B9B00BB668E /* XCRemoteSwiftPackageReference "RxSwift" */;
			productName = RxCocoa;
		};
		CEC6C69028554B9B00BB668E /* RxSwift */ = {
			isa = XCSwiftPackageProductDependency;
			package = CEC6C68D28554B9B00BB668E /* XCRemoteSwiftPackageReference "RxSwift" */;
			productName = RxSwift;
		};
/* End XCSwiftPackageProductDependency section */
	};
	rootObject = CEFBA4802852AFE3001223AA /* Project object */;
}
